
Microsoft Visual Studio Solution File, Format Version 12.00
# Visual Studio 15
VisualStudioVersion = 15.0.27703.2018
MinimumVisualStudioVersion = 10.0.40219.1
Project("{FAE04EC0-301F-11D3-BF4B-00C04F79EFBC}") = "DoCeluNaCzasWebApi", "DoCeluNaCzasWebApi\DoCeluNaCzasWebApi.csproj", "{24DCDDF2-2260-4693-94C7-5649AAB6CC7C}"
EndProject
Project("{2150E333-8FDC-42A3-9474-1A3956D46DE8}") = "4. Presentation", "4. Presentation", "{DABDC7D7-BB21-4690-87BF-7448EBAE319A}"
EndProject
Project("{2150E333-8FDC-42A3-9474-1A3956D46DE8}") = "Logic", "Logic", "{CFF321A4-2D14-4026-8D19-18922A0A9EB0}"
EndProject
Project("{FAE04EC0-301F-11D3-BF4B-00C04F79EFBC}") = "DCNC.DataAccess.Tests", "DCNC.DataAccess.Tests\DCNC.DataAccess.Tests.csproj", "{C8967904-46D4-4852-BAA6-D44A92DCCE46}"
EndProject
Project("{2150E333-8FDC-42A3-9474-1A3956D46DE8}") = "Tests", "Tests", "{6327336B-5E93-4B76-A7F5-651A669B8663}"
EndProject
Project("{2150E333-8FDC-42A3-9474-1A3956D46DE8}") = "3. Service", "3. Service", "{F4335DA4-A9A1-4166-9C75-7330AE0A34DC}"
EndProject
Project("{2150E333-8FDC-42A3-9474-1A3956D46DE8}") = "Logic", "Logic", "{EA0E5DDD-E16E-49F2-800E-CE9FE73702E9}"
EndProject
Project("{2150E333-8FDC-42A3-9474-1A3956D46DE8}") = "Tests", "Tests", "{9FD8D2EB-437A-4ED0-BAF9-6CEA75D1BE80}"
EndProject
Project("{FAE04EC0-301F-11D3-BF4B-00C04F79EFBC}") = "DCNC.Service", "DCNC.Service\DCNC.Service.csproj", "{60459510-AEDC-4DAF-8998-1D5480383B04}"
EndProject
Project("{FAE04EC0-301F-11D3-BF4B-00C04F79EFBC}") = "DCNC.Service.Tests", "DCNC.Service.Tests\DCNC.Service.Tests.csproj", "{6AD4FF8D-BEC5-46BB-98AB-76A89AE7A11D}"
EndProject
Project("{2150E333-8FDC-42A3-9474-1A3956D46DE8}") = "2. Bussiness", "2. Bussiness", "{707FA209-71A2-45A4-B69B-6FE92821B805}"
EndProject
Project("{FAE04EC0-301F-11D3-BF4B-00C04F79EFBC}") = "DCNC.Bussiness", "DCNC.Bussiness\DCNC.Bussiness.csproj", "{AE6D7375-1415-4479-84AE-A8D9DD51EC4A}"
EndProject
Project("{2150E333-8FDC-42A3-9474-1A3956D46DE8}") = "1. DataAccess", "1. DataAccess", "{EAE4C959-7B8A-43EA-A326-B97C623667D2}"
EndProject
Project("{2150E333-8FDC-42A3-9474-1A3956D46DE8}") = "Logic", "Logic", "{16966D07-D188-4436-ABA2-1530DD64F1CF}"
EndProject
Project("{2150E333-8FDC-42A3-9474-1A3956D46DE8}") = "Tests", "Tests", "{3787F0FE-298E-4B0C-A912-F89B7E7216A7}"
EndProject
Project("{FAE04EC0-301F-11D3-BF4B-00C04F79EFBC}") = "DCNC.DataAccess", "DCNC.DataAccess\DCNC.DataAccess.csproj", "{CFD216A0-148F-42A7-A060-6B6A7D0AB655}"
EndProject
Project("{FAE04EC0-301F-11D3-BF4B-00C04F79EFBC}") = "DoCeluNaCzasWebApi.Tests", "DoCeluNaCzasWebApi.Tests\DoCeluNaCzasWebApi.Tests.csproj", "{5DB5F070-BEC1-4752-9793-33D6784D75F1}"
EndProject
Global
	GlobalSection(SolutionConfigurationPlatforms) = preSolution
		Debug|Any CPU = Debug|Any CPU
		Release|Any CPU = Release|Any CPU
	EndGlobalSection
	GlobalSection(ProjectConfigurationPlatforms) = postSolution
		{24DCDDF2-2260-4693-94C7-5649AAB6CC7C}.Debug|Any CPU.ActiveCfg = Debug|Any CPU
		{24DCDDF2-2260-4693-94C7-5649AAB6CC7C}.Debug|Any CPU.Build.0 = Debug|Any CPU
		{24DCDDF2-2260-4693-94C7-5649AAB6CC7C}.Release|Any CPU.ActiveCfg = Release|Any CPU
		{24DCDDF2-2260-4693-94C7-5649AAB6CC7C}.Release|Any CPU.Build.0 = Release|Any CPU
		{C8967904-46D4-4852-BAA6-D44A92DCCE46}.Debug|Any CPU.ActiveCfg = Debug|Any CPU
		{C8967904-46D4-4852-BAA6-D44A92DCCE46}.Debug|Any CPU.Build.0 = Debug|Any CPU
		{C8967904-46D4-4852-BAA6-D44A92DCCE46}.Release|Any CPU.ActiveCfg = Release|Any CPU
		{C8967904-46D4-4852-BAA6-D44A92DCCE46}.Release|Any CPU.Build.0 = Release|Any CPU
		{60459510-AEDC-4DAF-8998-1D5480383B04}.Debug|Any CPU.ActiveCfg = Debug|Any CPU
		{60459510-AEDC-4DAF-8998-1D5480383B04}.Debug|Any CPU.Build.0 = Debug|Any CPU
		{60459510-AEDC-4DAF-8998-1D5480383B04}.Release|Any CPU.ActiveCfg = Release|Any CPU
		{60459510-AEDC-4DAF-8998-1D5480383B04}.Release|Any CPU.Build.0 = Release|Any CPU
		{6AD4FF8D-BEC5-46BB-98AB-76A89AE7A11D}.Debug|Any CPU.ActiveCfg = Debug|Any CPU
		{6AD4FF8D-BEC5-46BB-98AB-76A89AE7A11D}.Debug|Any CPU.Build.0 = Debug|Any CPU
		{6AD4FF8D-BEC5-46BB-98AB-76A89AE7A11D}.Release|Any CPU.ActiveCfg = Release|Any CPU
		{6AD4FF8D-BEC5-46BB-98AB-76A89AE7A11D}.Release|Any CPU.Build.0 = Release|Any CPU
		{AE6D7375-1415-4479-84AE-A8D9DD51EC4A}.Debug|Any CPU.ActiveCfg = Debug|Any CPU
		{AE6D7375-1415-4479-84AE-A8D9DD51EC4A}.Debug|Any CPU.Build.0 = Debug|Any CPU
		{AE6D7375-1415-4479-84AE-A8D9DD51EC4A}.Release|Any CPU.ActiveCfg = Release|Any CPU
		{AE6D7375-1415-4479-84AE-A8D9DD51EC4A}.Release|Any CPU.Build.0 = Release|Any CPU
		{CFD216A0-148F-42A7-A060-6B6A7D0AB655}.Debug|Any CPU.ActiveCfg = Debug|Any CPU
		{CFD216A0-148F-42A7-A060-6B6A7D0AB655}.Debug|Any CPU.Build.0 = Debug|Any CPU
		{CFD216A0-148F-42A7-A060-6B6A7D0AB655}.Release|Any CPU.ActiveCfg = Release|Any CPU
		{CFD216A0-148F-42A7-A060-6B6A7D0AB655}.Release|Any CPU.Build.0 = Release|Any CPU
		{5DB5F070-BEC1-4752-9793-33D6784D75F1}.Debug|Any CPU.ActiveCfg = Debug|Any CPU
		{5DB5F070-BEC1-4752-9793-33D6784D75F1}.Debug|Any CPU.Build.0 = Debug|Any CPU
		{5DB5F070-BEC1-4752-9793-33D6784D75F1}.Release|Any CPU.ActiveCfg = Release|Any CPU
		{5DB5F070-BEC1-4752-9793-33D6784D75F1}.Release|Any CPU.Build.0 = Release|Any CPU
	EndGlobalSection
	GlobalSection(SolutionProperties) = preSolution
		HideSolutionNode = FALSE
	EndGlobalSection
	GlobalSection(NestedProjects) = preSolution
		{24DCDDF2-2260-4693-94C7-5649AAB6CC7C} = {CFF321A4-2D14-4026-8D19-18922A0A9EB0}
		{CFF321A4-2D14-4026-8D19-18922A0A9EB0} = {DABDC7D7-BB21-4690-87BF-7448EBAE319A}
		{C8967904-46D4-4852-BAA6-D44A92DCCE46} = {3787F0FE-298E-4B0C-A912-F89B7E7216A7}
		{6327336B-5E93-4B76-A7F5-651A669B8663} = {DABDC7D7-BB21-4690-87BF-7448EBAE319A}
		{EA0E5DDD-E16E-49F2-800E-CE9FE73702E9} = {F4335DA4-A9A1-4166-9C75-7330AE0A34DC}
		{9FD8D2EB-437A-4ED0-BAF9-6CEA75D1BE80} = {F4335DA4-A9A1-4166-9C75-7330AE0A34DC}
		{60459510-AEDC-4DAF-8998-1D5480383B04} = {EA0E5DDD-E16E-49F2-800E-CE9FE73702E9}
		{6AD4FF8D-BEC5-46BB-98AB-76A89AE7A11D} = {9FD8D2EB-437A-4ED0-BAF9-6CEA75D1BE80}
		{AE6D7375-1415-4479-84AE-A8D9DD51EC4A} = {707FA209-71A2-45A4-B69B-6FE92821B805}
		{16966D07-D188-4436-ABA2-1530DD64F1CF} = {EAE4C959-7B8A-43EA-A326-B97C623667D2}
		{3787F0FE-298E-4B0C-A912-F89B7E7216A7} = {EAE4C959-7B8A-43EA-A326-B97C623667D2}
		{CFD216A0-148F-42A7-A060-6B6A7D0AB655} = {16966D07-D188-4436-ABA2-1530DD64F1CF}
		{5DB5F070-BEC1-4752-9793-33D6784D75F1} = {6327336B-5E93-4B76-A7F5-651A669B8663}
	EndGlobalSection
	GlobalSection(ExtensibilityGlobals) = postSolution
		SolutionGuid = {9B92ECA4-B46D-4CD4-8C9C-2427388484B0}
	EndGlobalSection
EndGlobal
