
Microsoft Visual Studio Solution File, Format Version 12.00
# Visual Studio 15
VisualStudioVersion = 15.0.27703.2018
MinimumVisualStudioVersion = 10.0.40219.1
Project("{FAE04EC0-301F-11D3-BF4B-00C04F79EFBC}") = "DoCeluNaCzasWebApi", "DoCeluNaCzasWebApi\DoCeluNaCzasWebApi.csproj", "{C30BA195-FCB9-476F-90D7-52AAB95A6C43}"
EndProject
Project("{FAE04EC0-301F-11D3-BF4B-00C04F79EFBC}") = "DoCeluNaCzasWebApi.Tests", "DoCeluNaCzasWebApi.Tests\DoCeluNaCzasWebApi.Tests.csproj", "{60E60EE0-6520-4D40-A2EA-723D59C349D7}"
EndProject
Project("{2150E333-8FDC-42A3-9474-1A3956D46DE8}") = "5. Tests", "5. Tests", "{65780307-EA70-437E-B453-46DFB4AE935E}"
EndProject
Project("{2150E333-8FDC-42A3-9474-1A3956D46DE8}") = "4. Presentation", "4. Presentation", "{DABDC7D7-BB21-4690-87BF-7448EBAE319A}"
EndProject
Project("{2150E333-8FDC-42A3-9474-1A3956D46DE8}") = "3. Service", "3. Service", "{1625A119-6414-4F97-83F9-AFA825DF94EB}"
EndProject
Project("{2150E333-8FDC-42A3-9474-1A3956D46DE8}") = "2. Bussiness", "2. Bussiness", "{EF5C8D6E-AF4B-42DF-8CBC-A30EFAFA5D7A}"
EndProject
Project("{2150E333-8FDC-42A3-9474-1A3956D46DE8}") = "1. Data Access", "1. Data Access", "{8EBCDED5-EADA-4FA0-A2CC-B299D8DABB2D}"
EndProject
Project("{FAE04EC0-301F-11D3-BF4B-00C04F79EFBC}") = "DCNC.Service", "DCNC.Service\DCNC.Service.csproj", "{CED43572-49DD-4CA6-AD48-E8AA92BC6664}"
EndProject
Project("{FAE04EC0-301F-11D3-BF4B-00C04F79EFBC}") = "DCNC.Bussiness", "DCNC.Bussiness\DCNC.Bussiness.csproj", "{FB7ABAD0-214C-4B4F-AD1C-999CA4807B3E}"
EndProject
Project("{FAE04EC0-301F-11D3-BF4B-00C04F79EFBC}") = "DCNC.DataAccess", "DCNC.DataAccess\DCNC.DataAccess.csproj", "{B18E25E2-C003-4234-A2E1-02AEB7D45045}"
EndProject
Global
	GlobalSection(SolutionConfigurationPlatforms) = preSolution
		Debug|Any CPU = Debug|Any CPU
		Release|Any CPU = Release|Any CPU
	EndGlobalSection
	GlobalSection(ProjectConfigurationPlatforms) = postSolution
		{C30BA195-FCB9-476F-90D7-52AAB95A6C43}.Debug|Any CPU.ActiveCfg = Debug|Any CPU
		{C30BA195-FCB9-476F-90D7-52AAB95A6C43}.Debug|Any CPU.Build.0 = Debug|Any CPU
		{C30BA195-FCB9-476F-90D7-52AAB95A6C43}.Release|Any CPU.ActiveCfg = Release|Any CPU
		{C30BA195-FCB9-476F-90D7-52AAB95A6C43}.Release|Any CPU.Build.0 = Release|Any CPU
		{60E60EE0-6520-4D40-A2EA-723D59C349D7}.Debug|Any CPU.ActiveCfg = Debug|Any CPU
		{60E60EE0-6520-4D40-A2EA-723D59C349D7}.Debug|Any CPU.Build.0 = Debug|Any CPU
		{60E60EE0-6520-4D40-A2EA-723D59C349D7}.Release|Any CPU.ActiveCfg = Release|Any CPU
		{60E60EE0-6520-4D40-A2EA-723D59C349D7}.Release|Any CPU.Build.0 = Release|Any CPU
		{CED43572-49DD-4CA6-AD48-E8AA92BC6664}.Debug|Any CPU.ActiveCfg = Debug|Any CPU
		{CED43572-49DD-4CA6-AD48-E8AA92BC6664}.Debug|Any CPU.Build.0 = Debug|Any CPU
		{CED43572-49DD-4CA6-AD48-E8AA92BC6664}.Release|Any CPU.ActiveCfg = Release|Any CPU
		{CED43572-49DD-4CA6-AD48-E8AA92BC6664}.Release|Any CPU.Build.0 = Release|Any CPU
		{FB7ABAD0-214C-4B4F-AD1C-999CA4807B3E}.Debug|Any CPU.ActiveCfg = Debug|Any CPU
		{FB7ABAD0-214C-4B4F-AD1C-999CA4807B3E}.Debug|Any CPU.Build.0 = Debug|Any CPU
		{FB7ABAD0-214C-4B4F-AD1C-999CA4807B3E}.Release|Any CPU.ActiveCfg = Release|Any CPU
		{FB7ABAD0-214C-4B4F-AD1C-999CA4807B3E}.Release|Any CPU.Build.0 = Release|Any CPU
		{B18E25E2-C003-4234-A2E1-02AEB7D45045}.Debug|Any CPU.ActiveCfg = Debug|Any CPU
		{B18E25E2-C003-4234-A2E1-02AEB7D45045}.Debug|Any CPU.Build.0 = Debug|Any CPU
		{B18E25E2-C003-4234-A2E1-02AEB7D45045}.Release|Any CPU.ActiveCfg = Release|Any CPU
		{B18E25E2-C003-4234-A2E1-02AEB7D45045}.Release|Any CPU.Build.0 = Release|Any CPU
	EndGlobalSection
	GlobalSection(SolutionProperties) = preSolution
		HideSolutionNode = FALSE
	EndGlobalSection
	GlobalSection(NestedProjects) = preSolution
		{C30BA195-FCB9-476F-90D7-52AAB95A6C43} = {DABDC7D7-BB21-4690-87BF-7448EBAE319A}
		{60E60EE0-6520-4D40-A2EA-723D59C349D7} = {65780307-EA70-437E-B453-46DFB4AE935E}
		{CED43572-49DD-4CA6-AD48-E8AA92BC6664} = {1625A119-6414-4F97-83F9-AFA825DF94EB}
		{FB7ABAD0-214C-4B4F-AD1C-999CA4807B3E} = {EF5C8D6E-AF4B-42DF-8CBC-A30EFAFA5D7A}
		{B18E25E2-C003-4234-A2E1-02AEB7D45045} = {8EBCDED5-EADA-4FA0-A2CC-B299D8DABB2D}
	EndGlobalSection
	GlobalSection(ExtensibilityGlobals) = postSolution
		SolutionGuid = {9B92ECA4-B46D-4CD4-8C9C-2427388484B0}
	EndGlobalSection
EndGlobal
