
Microsoft Visual Studio Solution File, Format Version 12.00
# Visual Studio 15
VisualStudioVersion = 15.0.27703.2018
MinimumVisualStudioVersion = 10.0.40219.1
Project("{FAE04EC0-301F-11D3-BF4B-00C04F79EFBC}") = "DoCeluNaCzasWebApi", "DoCeluNaCzasWebApi\DoCeluNaCzasWebApi.csproj", "{24DCDDF2-2260-4693-94C7-5649AAB6CC7C}"
EndProject
Project("{2150E333-8FDC-42A3-9474-1A3956D46DE8}") = "4. Presentation", "4. Presentation", "{DABDC7D7-BB21-4690-87BF-7448EBAE319A}"
EndProject
Project("{2150E333-8FDC-42A3-9474-1A3956D46DE8}") = "3. Service", "3. Service", "{1625A119-6414-4F97-83F9-AFA825DF94EB}"
EndProject
Project("{2150E333-8FDC-42A3-9474-1A3956D46DE8}") = "2. Bussiness", "2. Bussiness", "{EF5C8D6E-AF4B-42DF-8CBC-A30EFAFA5D7A}"
EndProject
Project("{2150E333-8FDC-42A3-9474-1A3956D46DE8}") = "1. Data Access", "1. Data Access", "{8EBCDED5-EADA-4FA0-A2CC-B299D8DABB2D}"
EndProject
Project("{FAE04EC0-301F-11D3-BF4B-00C04F79EFBC}") = "DCNC.Service", "DCNC.Service\DCNC.Service.csproj", "{60459510-AEDC-4DAF-8998-1D5480383B04}"
EndProject
Project("{FAE04EC0-301F-11D3-BF4B-00C04F79EFBC}") = "DCNC.Bussiness", "DCNC.Bussiness\DCNC.Bussiness.csproj", "{AE6D7375-1415-4479-84AE-A8D9DD51EC4A}"
EndProject
Project("{FAE04EC0-301F-11D3-BF4B-00C04F79EFBC}") = "DCNC.DataAccess", "DCNC.DataAccess\DCNC.DataAccess.csproj", "{CFD216A0-148F-42A7-A060-6B6A7D0AB655}"
EndProject
Project("{2150E333-8FDC-42A3-9474-1A3956D46DE8}") = "Logic", "Logic", "{CFF321A4-2D14-4026-8D19-18922A0A9EB0}"
EndProject
Project("{2150E333-8FDC-42A3-9474-1A3956D46DE8}") = "Tests", "Tests", "{021CCB8B-CCCA-4AD4-A806-6BA171E3BE40}"
EndProject
Project("{2150E333-8FDC-42A3-9474-1A3956D46DE8}") = "Logic", "Logic", "{B046CB20-7872-45CC-8B38-B4923796FFBA}"
EndProject
Project("{2150E333-8FDC-42A3-9474-1A3956D46DE8}") = "Tests", "Tests", "{65C6C7D6-A6B4-457C-9476-DF60BC4FB453}"
EndProject
Project("{2150E333-8FDC-42A3-9474-1A3956D46DE8}") = "Logic", "Logic", "{413ACEB8-9E43-4923-8DC2-231194BD3471}"
EndProject
Project("{2150E333-8FDC-42A3-9474-1A3956D46DE8}") = "Tests", "Tests", "{767F6F2A-2FB7-4ED9-A473-E6ED6AFC33B1}"
EndProject
Project("{FAE04EC0-301F-11D3-BF4B-00C04F79EFBC}") = "DCNC.Service.Tests", "DCNC.Service.Tests\DCNC.Service.Tests.csproj", "{6AD4FF8D-BEC5-46BB-98AB-76A89AE7A11D}"
EndProject
Project("{FAE04EC0-301F-11D3-BF4B-00C04F79EFBC}") = "DoCeluNaCzasWebApi.Tests", "DoCeluNaCzasWebApi.Tests\DoCeluNaCzasWebApi.Tests.csproj", "{5DB5F070-BEC1-4752-9793-33D6784D75F1}"
EndProject
Project("{FAE04EC0-301F-11D3-BF4B-00C04F79EFBC}") = "DCNC.DataAccess.Tests", "DCNC.DataAccess.Tests\DCNC.DataAccess.Tests.csproj", "{C8967904-46D4-4852-BAA6-D44A92DCCE46}"
EndProject
Global
	GlobalSection(SolutionConfigurationPlatforms) = preSolution
		Debug|Any CPU = Debug|Any CPU
		Release|Any CPU = Release|Any CPU
	EndGlobalSection
	GlobalSection(ProjectConfigurationPlatforms) = postSolution
		{24DCDDF2-2260-4693-94C7-5649AAB6CC7C}.Debug|Any CPU.ActiveCfg = Debug|Any CPU
		{24DCDDF2-2260-4693-94C7-5649AAB6CC7C}.Debug|Any CPU.Build.0 = Debug|Any CPU
		{24DCDDF2-2260-4693-94C7-5649AAB6CC7C}.Release|Any CPU.ActiveCfg = Release|Any CPU
		{24DCDDF2-2260-4693-94C7-5649AAB6CC7C}.Release|Any CPU.Build.0 = Release|Any CPU
		{60459510-AEDC-4DAF-8998-1D5480383B04}.Debug|Any CPU.ActiveCfg = Debug|Any CPU
		{60459510-AEDC-4DAF-8998-1D5480383B04}.Debug|Any CPU.Build.0 = Debug|Any CPU
		{60459510-AEDC-4DAF-8998-1D5480383B04}.Release|Any CPU.ActiveCfg = Release|Any CPU
		{60459510-AEDC-4DAF-8998-1D5480383B04}.Release|Any CPU.Build.0 = Release|Any CPU
		{AE6D7375-1415-4479-84AE-A8D9DD51EC4A}.Debug|Any CPU.ActiveCfg = Debug|Any CPU
		{AE6D7375-1415-4479-84AE-A8D9DD51EC4A}.Debug|Any CPU.Build.0 = Debug|Any CPU
		{AE6D7375-1415-4479-84AE-A8D9DD51EC4A}.Release|Any CPU.ActiveCfg = Release|Any CPU
		{AE6D7375-1415-4479-84AE-A8D9DD51EC4A}.Release|Any CPU.Build.0 = Release|Any CPU
		{CFD216A0-148F-42A7-A060-6B6A7D0AB655}.Debug|Any CPU.ActiveCfg = Debug|Any CPU
		{CFD216A0-148F-42A7-A060-6B6A7D0AB655}.Debug|Any CPU.Build.0 = Debug|Any CPU
		{CFD216A0-148F-42A7-A060-6B6A7D0AB655}.Release|Any CPU.ActiveCfg = Release|Any CPU
		{CFD216A0-148F-42A7-A060-6B6A7D0AB655}.Release|Any CPU.Build.0 = Release|Any CPU
		{6AD4FF8D-BEC5-46BB-98AB-76A89AE7A11D}.Debug|Any CPU.ActiveCfg = Debug|Any CPU
		{6AD4FF8D-BEC5-46BB-98AB-76A89AE7A11D}.Debug|Any CPU.Build.0 = Debug|Any CPU
		{6AD4FF8D-BEC5-46BB-98AB-76A89AE7A11D}.Release|Any CPU.ActiveCfg = Release|Any CPU
		{6AD4FF8D-BEC5-46BB-98AB-76A89AE7A11D}.Release|Any CPU.Build.0 = Release|Any CPU
		{5DB5F070-BEC1-4752-9793-33D6784D75F1}.Debug|Any CPU.ActiveCfg = Debug|Any CPU
		{5DB5F070-BEC1-4752-9793-33D6784D75F1}.Debug|Any CPU.Build.0 = Debug|Any CPU
		{5DB5F070-BEC1-4752-9793-33D6784D75F1}.Release|Any CPU.ActiveCfg = Release|Any CPU
		{5DB5F070-BEC1-4752-9793-33D6784D75F1}.Release|Any CPU.Build.0 = Release|Any CPU
		{C8967904-46D4-4852-BAA6-D44A92DCCE46}.Debug|Any CPU.ActiveCfg = Debug|Any CPU
		{C8967904-46D4-4852-BAA6-D44A92DCCE46}.Debug|Any CPU.Build.0 = Debug|Any CPU
		{C8967904-46D4-4852-BAA6-D44A92DCCE46}.Release|Any CPU.ActiveCfg = Release|Any CPU
		{C8967904-46D4-4852-BAA6-D44A92DCCE46}.Release|Any CPU.Build.0 = Release|Any CPU
	EndGlobalSection
	GlobalSection(SolutionProperties) = preSolution
		HideSolutionNode = FALSE
	EndGlobalSection
	GlobalSection(NestedProjects) = preSolution
		{24DCDDF2-2260-4693-94C7-5649AAB6CC7C} = {CFF321A4-2D14-4026-8D19-18922A0A9EB0}
		{60459510-AEDC-4DAF-8998-1D5480383B04} = {B046CB20-7872-45CC-8B38-B4923796FFBA}
		{AE6D7375-1415-4479-84AE-A8D9DD51EC4A} = {EF5C8D6E-AF4B-42DF-8CBC-A30EFAFA5D7A}
		{CFD216A0-148F-42A7-A060-6B6A7D0AB655} = {413ACEB8-9E43-4923-8DC2-231194BD3471}
		{CFF321A4-2D14-4026-8D19-18922A0A9EB0} = {DABDC7D7-BB21-4690-87BF-7448EBAE319A}
		{021CCB8B-CCCA-4AD4-A806-6BA171E3BE40} = {DABDC7D7-BB21-4690-87BF-7448EBAE319A}
		{B046CB20-7872-45CC-8B38-B4923796FFBA} = {1625A119-6414-4F97-83F9-AFA825DF94EB}
		{65C6C7D6-A6B4-457C-9476-DF60BC4FB453} = {1625A119-6414-4F97-83F9-AFA825DF94EB}
		{413ACEB8-9E43-4923-8DC2-231194BD3471} = {8EBCDED5-EADA-4FA0-A2CC-B299D8DABB2D}
		{767F6F2A-2FB7-4ED9-A473-E6ED6AFC33B1} = {8EBCDED5-EADA-4FA0-A2CC-B299D8DABB2D}
		{6AD4FF8D-BEC5-46BB-98AB-76A89AE7A11D} = {65C6C7D6-A6B4-457C-9476-DF60BC4FB453}
		{5DB5F070-BEC1-4752-9793-33D6784D75F1} = {021CCB8B-CCCA-4AD4-A806-6BA171E3BE40}
		{C8967904-46D4-4852-BAA6-D44A92DCCE46} = {767F6F2A-2FB7-4ED9-A473-E6ED6AFC33B1}
	EndGlobalSection
	GlobalSection(ExtensibilityGlobals) = postSolution
		SolutionGuid = {9B92ECA4-B46D-4CD4-8C9C-2427388484B0}
	EndGlobalSection
EndGlobal
